
Microsoft Visual Studio Solution File, Format Version 12.00
# Visual Studio Version 17
VisualStudioVersion = 17.8.34309.116
MinimumVisualStudioVersion = 10.0.40219.1
Project("{9A19103F-16F7-4668-BE54-9A1E7A4F7556}") = "Day1", "Day1\Day1.csproj", "{73C9B2AC-85E9-47D0-BC07-6A0E1E84E9CB}"
EndProject
Project("{9A19103F-16F7-4668-BE54-9A1E7A4F7556}") = "Day2", "Day2\Day2.csproj", "{6F287694-39E6-4355-8B63-F4585C1A8D4E}"
EndProject
Project("{9A19103F-16F7-4668-BE54-9A1E7A4F7556}") = "Day3", "Day3\Day3.csproj", "{4BA2CC1F-EEB4-4574-A492-9C46DA56ED4E}"
EndProject
Project("{9A19103F-16F7-4668-BE54-9A1E7A4F7556}") = "Day4", "Day4\Day4.csproj", "{9260E516-FD8A-492A-9987-F5A502F0DAE5}"
EndProject
Project("{9A19103F-16F7-4668-BE54-9A1E7A4F7556}") = "Day5", "Day5\Day5.csproj", "{8D470DBF-07BE-4252-90C9-A4FC4330B789}"
EndProject
Project("{9A19103F-16F7-4668-BE54-9A1E7A4F7556}") = "Day6", "Day6\Day6.csproj", "{CD7C4B26-FAE1-40B9-AAD1-9D75364CCD5F}"
EndProject
Project("{9A19103F-16F7-4668-BE54-9A1E7A4F7556}") = "Day7", "Day7\Day7.csproj", "{B0443603-32AD-43F7-8B0F-FD24694EC674}"
EndProject
Project("{9A19103F-16F7-4668-BE54-9A1E7A4F7556}") = "Day8", "Day8\Day8.csproj", "{05F4D8E8-4FB1-4B16-84C1-1BF1FD3042B4}"
EndProject
Project("{9A19103F-16F7-4668-BE54-9A1E7A4F7556}") = "Day9", "Day9\Day9.csproj", "{DF683EF9-11E9-4679-91F1-B5ECD499174F}"
EndProject
Project("{FAE04EC0-301F-11D3-BF4B-00C04F79EFBC}") = "Day10", "Day10\Day10.csproj", "{A59DA6D9-EA1F-41F8-861D-3DF675FA0E90}"
EndProject
Project("{2150E333-8FDC-42A3-9474-1A3956D46DE8}") = "Day 1-9", "Day 1-9", "{39C0E8A7-CCD9-4482-8616-E529C89E0C38}"
EndProject
Global
	GlobalSection(SolutionConfigurationPlatforms) = preSolution
		Debug|Any CPU = Debug|Any CPU
		Release|Any CPU = Release|Any CPU
	EndGlobalSection
	GlobalSection(ProjectConfigurationPlatforms) = postSolution
		{73C9B2AC-85E9-47D0-BC07-6A0E1E84E9CB}.Debug|Any CPU.ActiveCfg = Debug|Any CPU
		{73C9B2AC-85E9-47D0-BC07-6A0E1E84E9CB}.Debug|Any CPU.Build.0 = Debug|Any CPU
		{73C9B2AC-85E9-47D0-BC07-6A0E1E84E9CB}.Release|Any CPU.ActiveCfg = Release|Any CPU
		{73C9B2AC-85E9-47D0-BC07-6A0E1E84E9CB}.Release|Any CPU.Build.0 = Release|Any CPU
		{6F287694-39E6-4355-8B63-F4585C1A8D4E}.Debug|Any CPU.ActiveCfg = Debug|Any CPU
		{6F287694-39E6-4355-8B63-F4585C1A8D4E}.Debug|Any CPU.Build.0 = Debug|Any CPU
		{6F287694-39E6-4355-8B63-F4585C1A8D4E}.Release|Any CPU.ActiveCfg = Release|Any CPU
		{6F287694-39E6-4355-8B63-F4585C1A8D4E}.Release|Any CPU.Build.0 = Release|Any CPU
		{4BA2CC1F-EEB4-4574-A492-9C46DA56ED4E}.Debug|Any CPU.ActiveCfg = Debug|Any CPU
		{4BA2CC1F-EEB4-4574-A492-9C46DA56ED4E}.Debug|Any CPU.Build.0 = Debug|Any CPU
		{4BA2CC1F-EEB4-4574-A492-9C46DA56ED4E}.Release|Any CPU.ActiveCfg = Release|Any CPU
		{4BA2CC1F-EEB4-4574-A492-9C46DA56ED4E}.Release|Any CPU.Build.0 = Release|Any CPU
		{9260E516-FD8A-492A-9987-F5A502F0DAE5}.Debug|Any CPU.ActiveCfg = Debug|Any CPU
		{9260E516-FD8A-492A-9987-F5A502F0DAE5}.Debug|Any CPU.Build.0 = Debug|Any CPU
		{9260E516-FD8A-492A-9987-F5A502F0DAE5}.Release|Any CPU.ActiveCfg = Release|Any CPU
		{9260E516-FD8A-492A-9987-F5A502F0DAE5}.Release|Any CPU.Build.0 = Release|Any CPU
		{8D470DBF-07BE-4252-90C9-A4FC4330B789}.Debug|Any CPU.ActiveCfg = Debug|Any CPU
		{8D470DBF-07BE-4252-90C9-A4FC4330B789}.Debug|Any CPU.Build.0 = Debug|Any CPU
		{8D470DBF-07BE-4252-90C9-A4FC4330B789}.Release|Any CPU.ActiveCfg = Release|Any CPU
		{8D470DBF-07BE-4252-90C9-A4FC4330B789}.Release|Any CPU.Build.0 = Release|Any CPU
		{CD7C4B26-FAE1-40B9-AAD1-9D75364CCD5F}.Debug|Any CPU.ActiveCfg = Debug|Any CPU
		{CD7C4B26-FAE1-40B9-AAD1-9D75364CCD5F}.Debug|Any CPU.Build.0 = Debug|Any CPU
		{CD7C4B26-FAE1-40B9-AAD1-9D75364CCD5F}.Release|Any CPU.ActiveCfg = Release|Any CPU
		{CD7C4B26-FAE1-40B9-AAD1-9D75364CCD5F}.Release|Any CPU.Build.0 = Release|Any CPU
		{B0443603-32AD-43F7-8B0F-FD24694EC674}.Debug|Any CPU.ActiveCfg = Debug|Any CPU
		{B0443603-32AD-43F7-8B0F-FD24694EC674}.Debug|Any CPU.Build.0 = Debug|Any CPU
		{B0443603-32AD-43F7-8B0F-FD24694EC674}.Release|Any CPU.ActiveCfg = Release|Any CPU
		{B0443603-32AD-43F7-8B0F-FD24694EC674}.Release|Any CPU.Build.0 = Release|Any CPU
		{05F4D8E8-4FB1-4B16-84C1-1BF1FD3042B4}.Debug|Any CPU.ActiveCfg = Debug|Any CPU
		{05F4D8E8-4FB1-4B16-84C1-1BF1FD3042B4}.Debug|Any CPU.Build.0 = Debug|Any CPU
		{05F4D8E8-4FB1-4B16-84C1-1BF1FD3042B4}.Release|Any CPU.ActiveCfg = Release|Any CPU
		{05F4D8E8-4FB1-4B16-84C1-1BF1FD3042B4}.Release|Any CPU.Build.0 = Release|Any CPU
		{DF683EF9-11E9-4679-91F1-B5ECD499174F}.Debug|Any CPU.ActiveCfg = Debug|Any CPU
		{DF683EF9-11E9-4679-91F1-B5ECD499174F}.Debug|Any CPU.Build.0 = Debug|Any CPU
		{DF683EF9-11E9-4679-91F1-B5ECD499174F}.Release|Any CPU.ActiveCfg = Release|Any CPU
		{DF683EF9-11E9-4679-91F1-B5ECD499174F}.Release|Any CPU.Build.0 = Release|Any CPU
		{A59DA6D9-EA1F-41F8-861D-3DF675FA0E90}.Debug|Any CPU.ActiveCfg = Debug|Any CPU
		{A59DA6D9-EA1F-41F8-861D-3DF675FA0E90}.Debug|Any CPU.Build.0 = Debug|Any CPU
		{A59DA6D9-EA1F-41F8-861D-3DF675FA0E90}.Release|Any CPU.ActiveCfg = Release|Any CPU
		{A59DA6D9-EA1F-41F8-861D-3DF675FA0E90}.Release|Any CPU.Build.0 = Release|Any CPU
	EndGlobalSection
	GlobalSection(SolutionProperties) = preSolution
		HideSolutionNode = FALSE
	EndGlobalSection
	GlobalSection(NestedProjects) = preSolution
		{73C9B2AC-85E9-47D0-BC07-6A0E1E84E9CB} = {39C0E8A7-CCD9-4482-8616-E529C89E0C38}
		{6F287694-39E6-4355-8B63-F4585C1A8D4E} = {39C0E8A7-CCD9-4482-8616-E529C89E0C38}
		{4BA2CC1F-EEB4-4574-A492-9C46DA56ED4E} = {39C0E8A7-CCD9-4482-8616-E529C89E0C38}
		{9260E516-FD8A-492A-9987-F5A502F0DAE5} = {39C0E8A7-CCD9-4482-8616-E529C89E0C38}
		{8D470DBF-07BE-4252-90C9-A4FC4330B789} = {39C0E8A7-CCD9-4482-8616-E529C89E0C38}
		{CD7C4B26-FAE1-40B9-AAD1-9D75364CCD5F} = {39C0E8A7-CCD9-4482-8616-E529C89E0C38}
		{B0443603-32AD-43F7-8B0F-FD24694EC674} = {39C0E8A7-CCD9-4482-8616-E529C89E0C38}
		{05F4D8E8-4FB1-4B16-84C1-1BF1FD3042B4} = {39C0E8A7-CCD9-4482-8616-E529C89E0C38}
		{DF683EF9-11E9-4679-91F1-B5ECD499174F} = {39C0E8A7-CCD9-4482-8616-E529C89E0C38}
	EndGlobalSection
	GlobalSection(ExtensibilityGlobals) = postSolution
		SolutionGuid = {0318693A-E384-4356-8E93-BE2FAB069ED7}
	EndGlobalSection
EndGlobal
